// !$*UTF8*$!
{
	archiveVersion = 1;
	classes = {
	};
	objectVersion = 46;
	objects = {

/* Begin PBXBuildFile section */
		11D1B16D194F337D005EEBF9 /* TickDialog.m in Sources */ = {isa = PBXBuildFile; fileRef = 11D1B16C194F337D005EEBF9 /* TickDialog.m */; };
		8E0296ED17EBB99600037669 /* ModalDialog.m in Sources */ = {isa = PBXBuildFile; fileRef = 8E0296E417EBB99600037669 /* ModalDialog.m */; };
		8E0296F717EBD02D00037669 /* TextDialog.m in Sources */ = {isa = PBXBuildFile; fileRef = 8E0296F617EBD02D00037669 /* TextDialog.m */; };
		8ED2781917EB462600316963 /* Foundation.framework in Frameworks */ = {isa = PBXBuildFile; fileRef = 8ED2781817EB462600316963 /* Foundation.framework */; };
		8ED2786717EB4C2300316963 /* NSObject+SBJson.m in Sources */ = {isa = PBXBuildFile; fileRef = 8ED2784F17EB4BC900316963 /* NSObject+SBJson.m */; };
		8ED2786817EB4C2300316963 /* SBJsonParser.m in Sources */ = {isa = PBXBuildFile; fileRef = 8ED2785217EB4BC900316963 /* SBJsonParser.m */; };
		8ED2786917EB4C2300316963 /* SBJsonStreamParser.m in Sources */ = {isa = PBXBuildFile; fileRef = 8ED2785417EB4BC900316963 /* SBJsonStreamParser.m */; };
		8ED2786A17EB4C2300316963 /* SBJsonStreamParserAccumulator.m in Sources */ = {isa = PBXBuildFile; fileRef = 8ED2785617EB4BC900316963 /* SBJsonStreamParserAccumulator.m */; };
		8ED2786B17EB4C2300316963 /* SBJsonStreamParserAdapter.m in Sources */ = {isa = PBXBuildFile; fileRef = 8ED2785817EB4BC900316963 /* SBJsonStreamParserAdapter.m */; };
		8ED2786C17EB4C2300316963 /* SBJsonStreamParserState.m in Sources */ = {isa = PBXBuildFile; fileRef = 8ED2785A17EB4BC900316963 /* SBJsonStreamParserState.m */; };
		8ED2786D17EB4C2300316963 /* SBJsonStreamWriter.m in Sources */ = {isa = PBXBuildFile; fileRef = 8ED2785C17EB4BC900316963 /* SBJsonStreamWriter.m */; };
		8ED2786E17EB4C2300316963 /* SBJsonStreamWriterAccumulator.m in Sources */ = {isa = PBXBuildFile; fileRef = 8ED2785E17EB4BC900316963 /* SBJsonStreamWriterAccumulator.m */; };
		8ED2786F17EB4C2300316963 /* SBJsonStreamWriterState.m in Sources */ = {isa = PBXBuildFile; fileRef = 8ED2786017EB4BC900316963 /* SBJsonStreamWriterState.m */; };
		8ED2787017EB4C2300316963 /* SBJsonTokeniser.m in Sources */ = {isa = PBXBuildFile; fileRef = 8ED2786217EB4BC900316963 /* SBJsonTokeniser.m */; };
		8ED2787117EB4C2300316963 /* SBJsonUTF8Stream.m in Sources */ = {isa = PBXBuildFile; fileRef = 8ED2786417EB4BC900316963 /* SBJsonUTF8Stream.m */; };
		8ED2787217EB4C2300316963 /* SBJsonWriter.m in Sources */ = {isa = PBXBuildFile; fileRef = 8ED2786617EB4BC900316963 /* SBJsonWriter.m */; };
		8ED2787317EB4C2300316963 /* ASIAuthenticationDialog.m in Sources */ = {isa = PBXBuildFile; fileRef = 8ED2783A17EB4B7100316963 /* ASIAuthenticationDialog.m */; settings = {COMPILER_FLAGS = "-fno-objc-arc"; }; };
		8ED2787417EB4C2300316963 /* ASIFormDataRequest.m in Sources */ = {isa = PBXBuildFile; fileRef = 8ED2784317EB4B7100316963 /* ASIFormDataRequest.m */; settings = {COMPILER_FLAGS = "-fno-objc-arc"; }; };
		8ED2787517EB4C2300316963 /* ASIHTTPRequest.m in Sources */ = {isa = PBXBuildFile; fileRef = 8ED2784517EB4B7100316963 /* ASIHTTPRequest.m */; settings = {COMPILER_FLAGS = "-fno-objc-arc"; }; };
		8ED2787617EB4C2300316963 /* ASIInputStream.m in Sources */ = {isa = PBXBuildFile; fileRef = 8ED2784917EB4B7100316963 /* ASIInputStream.m */; settings = {COMPILER_FLAGS = "-fno-objc-arc"; }; };
		8ED2787717EB4C2300316963 /* ASINetworkQueue.m in Sources */ = {isa = PBXBuildFile; fileRef = 8ED2784B17EB4B7100316963 /* ASINetworkQueue.m */; settings = {COMPILER_FLAGS = "-fno-objc-arc"; }; };
		8ED2787817EB4C2300316963 /* Reachability.m in Sources */ = {isa = PBXBuildFile; fileRef = 8ED2783717EB4B5300316963 /* Reachability.m */; settings = {COMPILER_FLAGS = "-fno-objc-arc"; }; };
		8ED278D117EB677300316963 /* ASIDataCompressor.m in Sources */ = {isa = PBXBuildFile; fileRef = 8ED2783D17EB4B7100316963 /* ASIDataCompressor.m */; settings = {COMPILER_FLAGS = "-fno-objc-arc"; }; };
		8ED278D217EB677300316963 /* ASIDataDecompressor.m in Sources */ = {isa = PBXBuildFile; fileRef = 8ED2783F17EB4B7100316963 /* ASIDataDecompressor.m */; settings = {COMPILER_FLAGS = "-fno-objc-arc"; }; };
		8ED2790B17EBA9B800316963 /* JsonObject.m in Sources */ = {isa = PBXBuildFile; fileRef = 8ED2790217EBA9B800316963 /* JsonObject.m */; };
		8ED2790C17EBA9B800316963 /* UIImage+scaleToSize.m in Sources */ = {isa = PBXBuildFile; fileRef = 8ED2790517EBA9B800316963 /* UIImage+scaleToSize.m */; };
		8ED2790D17EBA9B800316963 /* Utility.m in Sources */ = {isa = PBXBuildFile; fileRef = 8ED2790717EBA9B800316963 /* Utility.m */; };
		8ED2790E17EBA9B800316963 /* WebService.m in Sources */ = {isa = PBXBuildFile; fileRef = 8ED2790917EBA9B800316963 /* WebService.m */; };
		8EE52DEF17F9ED2800CDEDAD /* libzbar.a in Frameworks */ = {isa = PBXBuildFile; fileRef = 8EE52DE917F9ED2800CDEDAD /* libzbar.a */; };
		8EE52E0817FA196600CDEDAD /* ProgressDialog.m in Sources */ = {isa = PBXBuildFile; fileRef = 8EE52E0717FA196600CDEDAD /* ProgressDialog.m */; };
		92818B6A192E1A1D0020A1BD /* libiconv.dylib in Frameworks */ = {isa = PBXBuildFile; fileRef = 92818B69192E1A1D0020A1BD /* libiconv.dylib */; };
		92818B6C192E1A250020A1BD /* AVFoundation.framework in Frameworks */ = {isa = PBXBuildFile; fileRef = 92818B6B192E1A250020A1BD /* AVFoundation.framework */; };
		92818B6E192E1A2C0020A1BD /* QuartzCore.framework in Frameworks */ = {isa = PBXBuildFile; fileRef = 92818B6D192E1A2C0020A1BD /* QuartzCore.framework */; };
		92818B70192E1A320020A1BD /* CoreMedia.framework in Frameworks */ = {isa = PBXBuildFile; fileRef = 92818B6F192E1A320020A1BD /* CoreMedia.framework */; };
		92818B72192E1A370020A1BD /* CoreVideo.framework in Frameworks */ = {isa = PBXBuildFile; fileRef = 92818B71192E1A370020A1BD /* CoreVideo.framework */; };
		92EA9A1419472AF100EBD319 /* CoreBluetooth.framework in Frameworks */ = {isa = PBXBuildFile; fileRef = 92EA9A1319472AF100EBD319 /* CoreBluetooth.framework */; };
		A930E4F7181AFCE800CE5C41 /* SizedTextView.m in Sources */ = {isa = PBXBuildFile; fileRef = A930E4F5181AFCE800CE5C41 /* SizedTextView.m */; };
		A941DC5A18ADB39D00649408 /* SmartTextView.m in Sources */ = {isa = PBXBuildFile; fileRef = A941DC5918ADB39D00649408 /* SmartTextView.m */; };
		A947B0A618A1C2BA004809FC /* OffsetTextField.m in Sources */ = {isa = PBXBuildFile; fileRef = A947B0A518A1C2BA004809FC /* OffsetTextField.m */; };
		A9D09B2318077CF900DB7F4A /* WebServiceError.m in Sources */ = {isa = PBXBuildFile; fileRef = A9D09B2218077CF900DB7F4A /* WebServiceError.m */; };
/* End PBXBuildFile section */

/* Begin PBXCopyFilesBuildPhase section */
		8ED2781317EB462600316963 /* Copy Files */ = {
			isa = PBXCopyFilesBuildPhase;
			buildActionMask = 2147483647;
			dstPath = "include/${PRODUCT_NAME}";
			dstSubfolderSpec = 16;
			files = (
			);
			name = "Copy Files";
			runOnlyForDeploymentPostprocessing = 0;
		};
/* End PBXCopyFilesBuildPhase section */

/* Begin PBXFileReference section */
		11D1B16B194F337D005EEBF9 /* TickDialog.h */ = {isa = PBXFileReference; fileEncoding = 4; lastKnownFileType = sourcecode.c.h; path = TickDialog.h; sourceTree = "<group>"; };
		11D1B16C194F337D005EEBF9 /* TickDialog.m */ = {isa = PBXFileReference; fileEncoding = 4; lastKnownFileType = sourcecode.c.objc; path = TickDialog.m; sourceTree = "<group>"; };
		8E0296E317EBB99600037669 /* ModalDialog.h */ = {isa = PBXFileReference; fileEncoding = 4; lastKnownFileType = sourcecode.c.h; path = ModalDialog.h; sourceTree = "<group>"; };
		8E0296E417EBB99600037669 /* ModalDialog.m */ = {isa = PBXFileReference; fileEncoding = 4; lastKnownFileType = sourcecode.c.objc; path = ModalDialog.m; sourceTree = "<group>"; };
		8E0296F517EBD02D00037669 /* TextDialog.h */ = {isa = PBXFileReference; fileEncoding = 4; lastKnownFileType = sourcecode.c.h; path = TextDialog.h; sourceTree = "<group>"; };
		8E0296F617EBD02D00037669 /* TextDialog.m */ = {isa = PBXFileReference; fileEncoding = 4; lastKnownFileType = sourcecode.c.objc; path = TextDialog.m; sourceTree = "<group>"; };
		8ED2781517EB462600316963 /* libLibiOS.a */ = {isa = PBXFileReference; explicitFileType = archive.ar; includeInIndex = 0; path = libLibiOS.a; sourceTree = BUILT_PRODUCTS_DIR; };
		8ED2781817EB462600316963 /* Foundation.framework */ = {isa = PBXFileReference; lastKnownFileType = wrapper.framework; name = Foundation.framework; path = System/Library/Frameworks/Foundation.framework; sourceTree = SDKROOT; };
		8ED2781C17EB462600316963 /* LibiOS-Prefix.pch */ = {isa = PBXFileReference; lastKnownFileType = sourcecode.c.h; path = "LibiOS-Prefix.pch"; sourceTree = "<group>"; };
		8ED2783617EB4B5300316963 /* Reachability.h */ = {isa = PBXFileReference; lastKnownFileType = sourcecode.c.h; path = Reachability.h; sourceTree = "<group>"; };
		8ED2783717EB4B5300316963 /* Reachability.m */ = {isa = PBXFileReference; lastKnownFileType = sourcecode.c.objc; path = Reachability.m; sourceTree = "<group>"; };
		8ED2783917EB4B7100316963 /* ASIAuthenticationDialog.h */ = {isa = PBXFileReference; lastKnownFileType = sourcecode.c.h; path = ASIAuthenticationDialog.h; sourceTree = "<group>"; };
		8ED2783A17EB4B7100316963 /* ASIAuthenticationDialog.m */ = {isa = PBXFileReference; lastKnownFileType = sourcecode.c.objc; path = ASIAuthenticationDialog.m; sourceTree = "<group>"; };
		8ED2783B17EB4B7100316963 /* ASICacheDelegate.h */ = {isa = PBXFileReference; lastKnownFileType = sourcecode.c.h; path = ASICacheDelegate.h; sourceTree = "<group>"; };
		8ED2783C17EB4B7100316963 /* ASIDataCompressor.h */ = {isa = PBXFileReference; lastKnownFileType = sourcecode.c.h; path = ASIDataCompressor.h; sourceTree = "<group>"; };
		8ED2783D17EB4B7100316963 /* ASIDataCompressor.m */ = {isa = PBXFileReference; lastKnownFileType = sourcecode.c.objc; path = ASIDataCompressor.m; sourceTree = "<group>"; };
		8ED2783E17EB4B7100316963 /* ASIDataDecompressor.h */ = {isa = PBXFileReference; lastKnownFileType = sourcecode.c.h; path = ASIDataDecompressor.h; sourceTree = "<group>"; };
		8ED2783F17EB4B7100316963 /* ASIDataDecompressor.m */ = {isa = PBXFileReference; lastKnownFileType = sourcecode.c.objc; path = ASIDataDecompressor.m; sourceTree = "<group>"; };
		8ED2784017EB4B7100316963 /* ASIDownloadCache.h */ = {isa = PBXFileReference; lastKnownFileType = sourcecode.c.h; path = ASIDownloadCache.h; sourceTree = "<group>"; };
		8ED2784117EB4B7100316963 /* ASIDownloadCache.m */ = {isa = PBXFileReference; lastKnownFileType = sourcecode.c.objc; path = ASIDownloadCache.m; sourceTree = "<group>"; };
		8ED2784217EB4B7100316963 /* ASIFormDataRequest.h */ = {isa = PBXFileReference; lastKnownFileType = sourcecode.c.h; path = ASIFormDataRequest.h; sourceTree = "<group>"; };
		8ED2784317EB4B7100316963 /* ASIFormDataRequest.m */ = {isa = PBXFileReference; lastKnownFileType = sourcecode.c.objc; path = ASIFormDataRequest.m; sourceTree = "<group>"; };
		8ED2784417EB4B7100316963 /* ASIHTTPRequest.h */ = {isa = PBXFileReference; lastKnownFileType = sourcecode.c.h; path = ASIHTTPRequest.h; sourceTree = "<group>"; };
		8ED2784517EB4B7100316963 /* ASIHTTPRequest.m */ = {isa = PBXFileReference; lastKnownFileType = sourcecode.c.objc; path = ASIHTTPRequest.m; sourceTree = "<group>"; };
		8ED2784617EB4B7100316963 /* ASIHTTPRequestConfig.h */ = {isa = PBXFileReference; lastKnownFileType = sourcecode.c.h; path = ASIHTTPRequestConfig.h; sourceTree = "<group>"; };
		8ED2784717EB4B7100316963 /* ASIHTTPRequestDelegate.h */ = {isa = PBXFileReference; lastKnownFileType = sourcecode.c.h; path = ASIHTTPRequestDelegate.h; sourceTree = "<group>"; };
		8ED2784817EB4B7100316963 /* ASIInputStream.h */ = {isa = PBXFileReference; lastKnownFileType = sourcecode.c.h; path = ASIInputStream.h; sourceTree = "<group>"; };
		8ED2784917EB4B7100316963 /* ASIInputStream.m */ = {isa = PBXFileReference; lastKnownFileType = sourcecode.c.objc; path = ASIInputStream.m; sourceTree = "<group>"; };
		8ED2784A17EB4B7100316963 /* ASINetworkQueue.h */ = {isa = PBXFileReference; lastKnownFileType = sourcecode.c.h; path = ASINetworkQueue.h; sourceTree = "<group>"; };
		8ED2784B17EB4B7100316963 /* ASINetworkQueue.m */ = {isa = PBXFileReference; lastKnownFileType = sourcecode.c.objc; path = ASINetworkQueue.m; sourceTree = "<group>"; };
		8ED2784C17EB4B7100316963 /* ASIProgressDelegate.h */ = {isa = PBXFileReference; lastKnownFileType = sourcecode.c.h; path = ASIProgressDelegate.h; sourceTree = "<group>"; };
		8ED2784E17EB4BC900316963 /* NSObject+SBJson.h */ = {isa = PBXFileReference; lastKnownFileType = sourcecode.c.h; path = "NSObject+SBJson.h"; sourceTree = "<group>"; };
		8ED2784F17EB4BC900316963 /* NSObject+SBJson.m */ = {isa = PBXFileReference; lastKnownFileType = sourcecode.c.objc; path = "NSObject+SBJson.m"; sourceTree = "<group>"; };
		8ED2785017EB4BC900316963 /* SBJson.h */ = {isa = PBXFileReference; lastKnownFileType = sourcecode.c.h; path = SBJson.h; sourceTree = "<group>"; };
		8ED2785117EB4BC900316963 /* SBJsonParser.h */ = {isa = PBXFileReference; lastKnownFileType = sourcecode.c.h; path = SBJsonParser.h; sourceTree = "<group>"; };
		8ED2785217EB4BC900316963 /* SBJsonParser.m */ = {isa = PBXFileReference; lastKnownFileType = sourcecode.c.objc; path = SBJsonParser.m; sourceTree = "<group>"; };
		8ED2785317EB4BC900316963 /* SBJsonStreamParser.h */ = {isa = PBXFileReference; lastKnownFileType = sourcecode.c.h; path = SBJsonStreamParser.h; sourceTree = "<group>"; };
		8ED2785417EB4BC900316963 /* SBJsonStreamParser.m */ = {isa = PBXFileReference; lastKnownFileType = sourcecode.c.objc; path = SBJsonStreamParser.m; sourceTree = "<group>"; };
		8ED2785517EB4BC900316963 /* SBJsonStreamParserAccumulator.h */ = {isa = PBXFileReference; lastKnownFileType = sourcecode.c.h; path = SBJsonStreamParserAccumulator.h; sourceTree = "<group>"; };
		8ED2785617EB4BC900316963 /* SBJsonStreamParserAccumulator.m */ = {isa = PBXFileReference; lastKnownFileType = sourcecode.c.objc; path = SBJsonStreamParserAccumulator.m; sourceTree = "<group>"; };
		8ED2785717EB4BC900316963 /* SBJsonStreamParserAdapter.h */ = {isa = PBXFileReference; lastKnownFileType = sourcecode.c.h; path = SBJsonStreamParserAdapter.h; sourceTree = "<group>"; };
		8ED2785817EB4BC900316963 /* SBJsonStreamParserAdapter.m */ = {isa = PBXFileReference; lastKnownFileType = sourcecode.c.objc; path = SBJsonStreamParserAdapter.m; sourceTree = "<group>"; };
		8ED2785917EB4BC900316963 /* SBJsonStreamParserState.h */ = {isa = PBXFileReference; lastKnownFileType = sourcecode.c.h; path = SBJsonStreamParserState.h; sourceTree = "<group>"; };
		8ED2785A17EB4BC900316963 /* SBJsonStreamParserState.m */ = {isa = PBXFileReference; lastKnownFileType = sourcecode.c.objc; path = SBJsonStreamParserState.m; sourceTree = "<group>"; };
		8ED2785B17EB4BC900316963 /* SBJsonStreamWriter.h */ = {isa = PBXFileReference; lastKnownFileType = sourcecode.c.h; path = SBJsonStreamWriter.h; sourceTree = "<group>"; };
		8ED2785C17EB4BC900316963 /* SBJsonStreamWriter.m */ = {isa = PBXFileReference; lastKnownFileType = sourcecode.c.objc; path = SBJsonStreamWriter.m; sourceTree = "<group>"; };
		8ED2785D17EB4BC900316963 /* SBJsonStreamWriterAccumulator.h */ = {isa = PBXFileReference; lastKnownFileType = sourcecode.c.h; path = SBJsonStreamWriterAccumulator.h; sourceTree = "<group>"; };
		8ED2785E17EB4BC900316963 /* SBJsonStreamWriterAccumulator.m */ = {isa = PBXFileReference; lastKnownFileType = sourcecode.c.objc; path = SBJsonStreamWriterAccumulator.m; sourceTree = "<group>"; };
		8ED2785F17EB4BC900316963 /* SBJsonStreamWriterState.h */ = {isa = PBXFileReference; lastKnownFileType = sourcecode.c.h; path = SBJsonStreamWriterState.h; sourceTree = "<group>"; };
		8ED2786017EB4BC900316963 /* SBJsonStreamWriterState.m */ = {isa = PBXFileReference; lastKnownFileType = sourcecode.c.objc; path = SBJsonStreamWriterState.m; sourceTree = "<group>"; };
		8ED2786117EB4BC900316963 /* SBJsonTokeniser.h */ = {isa = PBXFileReference; lastKnownFileType = sourcecode.c.h; path = SBJsonTokeniser.h; sourceTree = "<group>"; };
		8ED2786217EB4BC900316963 /* SBJsonTokeniser.m */ = {isa = PBXFileReference; lastKnownFileType = sourcecode.c.objc; path = SBJsonTokeniser.m; sourceTree = "<group>"; };
		8ED2786317EB4BC900316963 /* SBJsonUTF8Stream.h */ = {isa = PBXFileReference; lastKnownFileType = sourcecode.c.h; path = SBJsonUTF8Stream.h; sourceTree = "<group>"; };
		8ED2786417EB4BC900316963 /* SBJsonUTF8Stream.m */ = {isa = PBXFileReference; lastKnownFileType = sourcecode.c.objc; path = SBJsonUTF8Stream.m; sourceTree = "<group>"; };
		8ED2786517EB4BC900316963 /* SBJsonWriter.h */ = {isa = PBXFileReference; lastKnownFileType = sourcecode.c.h; path = SBJsonWriter.h; sourceTree = "<group>"; };
		8ED2786617EB4BC900316963 /* SBJsonWriter.m */ = {isa = PBXFileReference; lastKnownFileType = sourcecode.c.objc; path = SBJsonWriter.m; sourceTree = "<group>"; };
		8ED2790117EBA9B800316963 /* JsonObject.h */ = {isa = PBXFileReference; fileEncoding = 4; lastKnownFileType = sourcecode.c.h; path = JsonObject.h; sourceTree = "<group>"; };
		8ED2790217EBA9B800316963 /* JsonObject.m */ = {isa = PBXFileReference; fileEncoding = 4; lastKnownFileType = sourcecode.c.objc; path = JsonObject.m; sourceTree = "<group>"; };
		8ED2790317EBA9B800316963 /* Logging.h */ = {isa = PBXFileReference; fileEncoding = 4; lastKnownFileType = sourcecode.c.h; path = Logging.h; sourceTree = "<group>"; };
		8ED2790417EBA9B800316963 /* UIImage+scaleToSize.h */ = {isa = PBXFileReference; fileEncoding = 4; lastKnownFileType = sourcecode.c.h; path = "UIImage+scaleToSize.h"; sourceTree = "<group>"; };
		8ED2790517EBA9B800316963 /* UIImage+scaleToSize.m */ = {isa = PBXFileReference; fileEncoding = 4; lastKnownFileType = sourcecode.c.objc; path = "UIImage+scaleToSize.m"; sourceTree = "<group>"; };
		8ED2790617EBA9B800316963 /* Utility.h */ = {isa = PBXFileReference; fileEncoding = 4; lastKnownFileType = sourcecode.c.h; path = Utility.h; sourceTree = "<group>"; };
		8ED2790717EBA9B800316963 /* Utility.m */ = {isa = PBXFileReference; fileEncoding = 4; lastKnownFileType = sourcecode.c.objc; path = Utility.m; sourceTree = "<group>"; };
		8ED2790817EBA9B800316963 /* WebService.h */ = {isa = PBXFileReference; fileEncoding = 4; lastKnownFileType = sourcecode.c.h; path = WebService.h; sourceTree = "<group>"; };
		8ED2790917EBA9B800316963 /* WebService.m */ = {isa = PBXFileReference; fileEncoding = 4; lastKnownFileType = sourcecode.c.objc; path = WebService.m; sourceTree = "<group>"; };
		8ED2790A17EBA9B800316963 /* WebServiceListener.h */ = {isa = PBXFileReference; fileEncoding = 4; lastKnownFileType = sourcecode.c.h; path = WebServiceListener.h; sourceTree = "<group>"; };
		8ED2790F17EBAA4700316963 /* UIKit.framework */ = {isa = PBXFileReference; lastKnownFileType = wrapper.framework; name = UIKit.framework; path = System/Library/Frameworks/UIKit.framework; sourceTree = SDKROOT; };
		8ED2791117EBAA6D00316963 /* CoreGraphics.framework */ = {isa = PBXFileReference; lastKnownFileType = wrapper.framework; name = CoreGraphics.framework; path = System/Library/Frameworks/CoreGraphics.framework; sourceTree = SDKROOT; };
		8EE52DD517F9ED2800CDEDAD /* Decoder.h */ = {isa = PBXFileReference; fileEncoding = 4; lastKnownFileType = sourcecode.c.h; path = Decoder.h; sourceTree = "<group>"; };
		8EE52DD617F9ED2800CDEDAD /* Exception.h */ = {isa = PBXFileReference; fileEncoding = 4; lastKnownFileType = sourcecode.c.h; path = Exception.h; sourceTree = "<group>"; };
		8EE52DD717F9ED2800CDEDAD /* Image.h */ = {isa = PBXFileReference; fileEncoding = 4; lastKnownFileType = sourcecode.c.h; path = Image.h; sourceTree = "<group>"; };
		8EE52DD817F9ED2800CDEDAD /* ImageScanner.h */ = {isa = PBXFileReference; fileEncoding = 4; lastKnownFileType = sourcecode.c.h; path = ImageScanner.h; sourceTree = "<group>"; };
		8EE52DD917F9ED2800CDEDAD /* Processor.h */ = {isa = PBXFileReference; fileEncoding = 4; lastKnownFileType = sourcecode.c.h; path = Processor.h; sourceTree = "<group>"; };
		8EE52DDA17F9ED2800CDEDAD /* Scanner.h */ = {isa = PBXFileReference; fileEncoding = 4; lastKnownFileType = sourcecode.c.h; path = Scanner.h; sourceTree = "<group>"; };
		8EE52DDB17F9ED2800CDEDAD /* Symbol.h */ = {isa = PBXFileReference; fileEncoding = 4; lastKnownFileType = sourcecode.c.h; path = Symbol.h; sourceTree = "<group>"; };
		8EE52DDC17F9ED2800CDEDAD /* Video.h */ = {isa = PBXFileReference; fileEncoding = 4; lastKnownFileType = sourcecode.c.h; path = Video.h; sourceTree = "<group>"; };
		8EE52DDD17F9ED2800CDEDAD /* Window.h */ = {isa = PBXFileReference; fileEncoding = 4; lastKnownFileType = sourcecode.c.h; path = Window.h; sourceTree = "<group>"; };
		8EE52DDE17F9ED2800CDEDAD /* zbar.h */ = {isa = PBXFileReference; fileEncoding = 4; lastKnownFileType = sourcecode.c.h; path = zbar.h; sourceTree = "<group>"; };
		8EE52DDF17F9ED2800CDEDAD /* ZBarCameraSimulator.h */ = {isa = PBXFileReference; fileEncoding = 4; lastKnownFileType = sourcecode.c.h; path = ZBarCameraSimulator.h; sourceTree = "<group>"; };
		8EE52DE017F9ED2800CDEDAD /* ZBarCaptureReader.h */ = {isa = PBXFileReference; fileEncoding = 4; lastKnownFileType = sourcecode.c.h; path = ZBarCaptureReader.h; sourceTree = "<group>"; };
		8EE52DE117F9ED2800CDEDAD /* ZBarHelpController.h */ = {isa = PBXFileReference; fileEncoding = 4; lastKnownFileType = sourcecode.c.h; path = ZBarHelpController.h; sourceTree = "<group>"; };
		8EE52DE217F9ED2800CDEDAD /* ZBarImage.h */ = {isa = PBXFileReference; fileEncoding = 4; lastKnownFileType = sourcecode.c.h; path = ZBarImage.h; sourceTree = "<group>"; };
		8EE52DE317F9ED2800CDEDAD /* ZBarImageScanner.h */ = {isa = PBXFileReference; fileEncoding = 4; lastKnownFileType = sourcecode.c.h; path = ZBarImageScanner.h; sourceTree = "<group>"; };
		8EE52DE417F9ED2800CDEDAD /* ZBarReaderController.h */ = {isa = PBXFileReference; fileEncoding = 4; lastKnownFileType = sourcecode.c.h; path = ZBarReaderController.h; sourceTree = "<group>"; };
		8EE52DE517F9ED2800CDEDAD /* ZBarReaderView.h */ = {isa = PBXFileReference; fileEncoding = 4; lastKnownFileType = sourcecode.c.h; path = ZBarReaderView.h; sourceTree = "<group>"; };
		8EE52DE617F9ED2800CDEDAD /* ZBarReaderViewController.h */ = {isa = PBXFileReference; fileEncoding = 4; lastKnownFileType = sourcecode.c.h; path = ZBarReaderViewController.h; sourceTree = "<group>"; };
		8EE52DE717F9ED2800CDEDAD /* ZBarSDK.h */ = {isa = PBXFileReference; fileEncoding = 4; lastKnownFileType = sourcecode.c.h; path = ZBarSDK.h; sourceTree = "<group>"; };
		8EE52DE817F9ED2800CDEDAD /* ZBarSymbol.h */ = {isa = PBXFileReference; fileEncoding = 4; lastKnownFileType = sourcecode.c.h; path = ZBarSymbol.h; sourceTree = "<group>"; };
		8EE52DE917F9ED2800CDEDAD /* libzbar.a */ = {isa = PBXFileReference; lastKnownFileType = archive.ar; path = libzbar.a; sourceTree = "<group>"; };
		8EE52DEB17F9ED2800CDEDAD /* zbar-back.png */ = {isa = PBXFileReference; lastKnownFileType = image.png; path = "zbar-back.png"; sourceTree = "<group>"; };
		8EE52DEC17F9ED2800CDEDAD /* zbar-help.html */ = {isa = PBXFileReference; fileEncoding = 4; lastKnownFileType = text.html; path = "zbar-help.html"; sourceTree = "<group>"; };
		8EE52DED17F9ED2800CDEDAD /* zbar-helpicons.png */ = {isa = PBXFileReference; lastKnownFileType = image.png; path = "zbar-helpicons.png"; sourceTree = "<group>"; };
		8EE52DEE17F9ED2800CDEDAD /* zbar-samples.png */ = {isa = PBXFileReference; lastKnownFileType = image.png; path = "zbar-samples.png"; sourceTree = "<group>"; };
		8EE52E0617FA196600CDEDAD /* ProgressDialog.h */ = {isa = PBXFileReference; fileEncoding = 4; lastKnownFileType = sourcecode.c.h; path = ProgressDialog.h; sourceTree = "<group>"; };
		8EE52E0717FA196600CDEDAD /* ProgressDialog.m */ = {isa = PBXFileReference; fileEncoding = 4; lastKnownFileType = sourcecode.c.objc; path = ProgressDialog.m; sourceTree = "<group>"; };
		92818B69192E1A1D0020A1BD /* libiconv.dylib */ = {isa = PBXFileReference; lastKnownFileType = "compiled.mach-o.dylib"; name = libiconv.dylib; path = usr/lib/libiconv.dylib; sourceTree = SDKROOT; };
		92818B6B192E1A250020A1BD /* AVFoundation.framework */ = {isa = PBXFileReference; lastKnownFileType = wrapper.framework; name = AVFoundation.framework; path = System/Library/Frameworks/AVFoundation.framework; sourceTree = SDKROOT; };
		92818B6D192E1A2C0020A1BD /* QuartzCore.framework */ = {isa = PBXFileReference; lastKnownFileType = wrapper.framework; name = QuartzCore.framework; path = System/Library/Frameworks/QuartzCore.framework; sourceTree = SDKROOT; };
		92818B6F192E1A320020A1BD /* CoreMedia.framework */ = {isa = PBXFileReference; lastKnownFileType = wrapper.framework; name = CoreMedia.framework; path = System/Library/Frameworks/CoreMedia.framework; sourceTree = SDKROOT; };
		92818B71192E1A370020A1BD /* CoreVideo.framework */ = {isa = PBXFileReference; lastKnownFileType = wrapper.framework; name = CoreVideo.framework; path = System/Library/Frameworks/CoreVideo.framework; sourceTree = SDKROOT; };
		92EA9A1319472AF100EBD319 /* CoreBluetooth.framework */ = {isa = PBXFileReference; lastKnownFileType = wrapper.framework; name = CoreBluetooth.framework; path = System/Library/Frameworks/CoreBluetooth.framework; sourceTree = SDKROOT; };
		A930E4F4181AFCE800CE5C41 /* SizedTextView.h */ = {isa = PBXFileReference; fileEncoding = 4; lastKnownFileType = sourcecode.c.h; path = SizedTextView.h; sourceTree = "<group>"; };
		A930E4F5181AFCE800CE5C41 /* SizedTextView.m */ = {isa = PBXFileReference; fileEncoding = 4; lastKnownFileType = sourcecode.c.objc; path = SizedTextView.m; sourceTree = "<group>"; };
		A941DC5818ADB39D00649408 /* SmartTextView.h */ = {isa = PBXFileReference; fileEncoding = 4; lastKnownFileType = sourcecode.c.h; path = SmartTextView.h; sourceTree = "<group>"; };
		A941DC5918ADB39D00649408 /* SmartTextView.m */ = {isa = PBXFileReference; fileEncoding = 4; lastKnownFileType = sourcecode.c.objc; path = SmartTextView.m; sourceTree = "<group>"; };
		A947B0A418A1C2BA004809FC /* OffsetTextField.h */ = {isa = PBXFileReference; fileEncoding = 4; lastKnownFileType = sourcecode.c.h; path = OffsetTextField.h; sourceTree = "<group>"; };
		A947B0A518A1C2BA004809FC /* OffsetTextField.m */ = {isa = PBXFileReference; fileEncoding = 4; lastKnownFileType = sourcecode.c.objc; path = OffsetTextField.m; sourceTree = "<group>"; };
		A9D09B2118077CF900DB7F4A /* WebServiceError.h */ = {isa = PBXFileReference; fileEncoding = 4; lastKnownFileType = sourcecode.c.h; path = WebServiceError.h; sourceTree = "<group>"; };
		A9D09B2218077CF900DB7F4A /* WebServiceError.m */ = {isa = PBXFileReference; fileEncoding = 4; lastKnownFileType = sourcecode.c.objc; path = WebServiceError.m; sourceTree = "<group>"; };
/* End PBXFileReference section */

/* Begin PBXFrameworksBuildPhase section */
		8ED2781217EB462600316963 /* Frameworks */ = {
			isa = PBXFrameworksBuildPhase;
			buildActionMask = 2147483647;
			files = (
				92EA9A1419472AF100EBD319 /* CoreBluetooth.framework in Frameworks */,
				8EE52DEF17F9ED2800CDEDAD /* libzbar.a in Frameworks */,
				92818B72192E1A370020A1BD /* CoreVideo.framework in Frameworks */,
				92818B70192E1A320020A1BD /* CoreMedia.framework in Frameworks */,
				92818B6E192E1A2C0020A1BD /* QuartzCore.framework in Frameworks */,
				92818B6C192E1A250020A1BD /* AVFoundation.framework in Frameworks */,
				92818B6A192E1A1D0020A1BD /* libiconv.dylib in Frameworks */,
				8ED2781917EB462600316963 /* Foundation.framework in Frameworks */,
			);
			runOnlyForDeploymentPostprocessing = 0;
		};
/* End PBXFrameworksBuildPhase section */

/* Begin PBXGroup section */
		8E0296E217EBB99600037669 /* Dialogs */ = {
			isa = PBXGroup;
			children = (
				11D1B16B194F337D005EEBF9 /* TickDialog.h */,
				11D1B16C194F337D005EEBF9 /* TickDialog.m */,
				8E0296E317EBB99600037669 /* ModalDialog.h */,
				8E0296E417EBB99600037669 /* ModalDialog.m */,
				8EE52E0617FA196600CDEDAD /* ProgressDialog.h */,
				8EE52E0717FA196600CDEDAD /* ProgressDialog.m */,
				8E0296F517EBD02D00037669 /* TextDialog.h */,
				8E0296F617EBD02D00037669 /* TextDialog.m */,
			);
			path = Dialogs;
			sourceTree = "<group>";
		};
		8ED2780C17EB462600316963 = {
			isa = PBXGroup;
			children = (
				8ED2781A17EB462600316963 /* LibiOS */,
				8ED2783817EB4B7100316963 /* ASIHttp */,
				8ED2783517EB4B5300316963 /* Reachability */,
				8ED2784D17EB4BC900316963 /* SBJSON */,
				8EE52DD117F9ED2800CDEDAD /* ZBarSDK */,
				8ED2781717EB462600316963 /* Frameworks */,
				8ED2781617EB462600316963 /* Products */,
			);
			sourceTree = "<group>";
		};
		8ED2781617EB462600316963 /* Products */ = {
			isa = PBXGroup;
			children = (
				8ED2781517EB462600316963 /* libLibiOS.a */,
			);
			name = Products;
			sourceTree = "<group>";
		};
		8ED2781717EB462600316963 /* Frameworks */ = {
			isa = PBXGroup;
			children = (
				92EA9A1319472AF100EBD319 /* CoreBluetooth.framework */,
				92818B71192E1A370020A1BD /* CoreVideo.framework */,
				92818B6F192E1A320020A1BD /* CoreMedia.framework */,
				92818B6D192E1A2C0020A1BD /* QuartzCore.framework */,
				92818B6B192E1A250020A1BD /* AVFoundation.framework */,
				92818B69192E1A1D0020A1BD /* libiconv.dylib */,
				8ED2791117EBAA6D00316963 /* CoreGraphics.framework */,
				8ED2781817EB462600316963 /* Foundation.framework */,
				8ED2790F17EBAA4700316963 /* UIKit.framework */,
			);
			name = Frameworks;
			sourceTree = "<group>";
		};
		8ED2781A17EB462600316963 /* LibiOS */ = {
			isa = PBXGroup;
			children = (
				8ED2790017EBA9B800316963 /* Classes */,
				8ED2781B17EB462600316963 /* Supporting Files */,
			);
			path = LibiOS;
			sourceTree = "<group>";
		};
		8ED2781B17EB462600316963 /* Supporting Files */ = {
			isa = PBXGroup;
			children = (
				8ED2781C17EB462600316963 /* LibiOS-Prefix.pch */,
			);
			name = "Supporting Files";
			sourceTree = "<group>";
		};
		8ED2783517EB4B5300316963 /* Reachability */ = {
			isa = PBXGroup;
			children = (
				8ED2783617EB4B5300316963 /* Reachability.h */,
				8ED2783717EB4B5300316963 /* Reachability.m */,
			);
			name = Reachability;
			path = LibiOS/Reachability;
			sourceTree = "<group>";
		};
		8ED2783817EB4B7100316963 /* ASIHttp */ = {
			isa = PBXGroup;
			children = (
				8ED2783917EB4B7100316963 /* ASIAuthenticationDialog.h */,
				8ED2783A17EB4B7100316963 /* ASIAuthenticationDialog.m */,
				8ED2783B17EB4B7100316963 /* ASICacheDelegate.h */,
				8ED2783C17EB4B7100316963 /* ASIDataCompressor.h */,
				8ED2783D17EB4B7100316963 /* ASIDataCompressor.m */,
				8ED2783E17EB4B7100316963 /* ASIDataDecompressor.h */,
				8ED2783F17EB4B7100316963 /* ASIDataDecompressor.m */,
				8ED2784017EB4B7100316963 /* ASIDownloadCache.h */,
				8ED2784117EB4B7100316963 /* ASIDownloadCache.m */,
				8ED2784217EB4B7100316963 /* ASIFormDataRequest.h */,
				8ED2784317EB4B7100316963 /* ASIFormDataRequest.m */,
				8ED2784417EB4B7100316963 /* ASIHTTPRequest.h */,
				8ED2784517EB4B7100316963 /* ASIHTTPRequest.m */,
				8ED2784617EB4B7100316963 /* ASIHTTPRequestConfig.h */,
				8ED2784717EB4B7100316963 /* ASIHTTPRequestDelegate.h */,
				8ED2784817EB4B7100316963 /* ASIInputStream.h */,
				8ED2784917EB4B7100316963 /* ASIInputStream.m */,
				8ED2784A17EB4B7100316963 /* ASINetworkQueue.h */,
				8ED2784B17EB4B7100316963 /* ASINetworkQueue.m */,
				8ED2784C17EB4B7100316963 /* ASIProgressDelegate.h */,
			);
			name = ASIHttp;
			path = LibiOS/ASIHttp;
			sourceTree = "<group>";
		};
		8ED2784D17EB4BC900316963 /* SBJSON */ = {
			isa = PBXGroup;
			children = (
				8ED2784E17EB4BC900316963 /* NSObject+SBJson.h */,
				8ED2784F17EB4BC900316963 /* NSObject+SBJson.m */,
				8ED2785017EB4BC900316963 /* SBJson.h */,
				8ED2785117EB4BC900316963 /* SBJsonParser.h */,
				8ED2785217EB4BC900316963 /* SBJsonParser.m */,
				8ED2785317EB4BC900316963 /* SBJsonStreamParser.h */,
				8ED2785417EB4BC900316963 /* SBJsonStreamParser.m */,
				8ED2785517EB4BC900316963 /* SBJsonStreamParserAccumulator.h */,
				8ED2785617EB4BC900316963 /* SBJsonStreamParserAccumulator.m */,
				8ED2785717EB4BC900316963 /* SBJsonStreamParserAdapter.h */,
				8ED2785817EB4BC900316963 /* SBJsonStreamParserAdapter.m */,
				8ED2785917EB4BC900316963 /* SBJsonStreamParserState.h */,
				8ED2785A17EB4BC900316963 /* SBJsonStreamParserState.m */,
				8ED2785B17EB4BC900316963 /* SBJsonStreamWriter.h */,
				8ED2785C17EB4BC900316963 /* SBJsonStreamWriter.m */,
				8ED2785D17EB4BC900316963 /* SBJsonStreamWriterAccumulator.h */,
				8ED2785E17EB4BC900316963 /* SBJsonStreamWriterAccumulator.m */,
				8ED2785F17EB4BC900316963 /* SBJsonStreamWriterState.h */,
				8ED2786017EB4BC900316963 /* SBJsonStreamWriterState.m */,
				8ED2786117EB4BC900316963 /* SBJsonTokeniser.h */,
				8ED2786217EB4BC900316963 /* SBJsonTokeniser.m */,
				8ED2786317EB4BC900316963 /* SBJsonUTF8Stream.h */,
				8ED2786417EB4BC900316963 /* SBJsonUTF8Stream.m */,
				8ED2786517EB4BC900316963 /* SBJsonWriter.h */,
				8ED2786617EB4BC900316963 /* SBJsonWriter.m */,
			);
			name = SBJSON;
			path = LibiOS/SBJSON;
			sourceTree = "<group>";
		};
		8ED2790017EBA9B800316963 /* Classes */ = {
			isa = PBXGroup;
			children = (
				8ED2790117EBA9B800316963 /* JsonObject.h */,
				8ED2790217EBA9B800316963 /* JsonObject.m */,
				8ED2790317EBA9B800316963 /* Logging.h */,
				A947B0A418A1C2BA004809FC /* OffsetTextField.h */,
				A947B0A518A1C2BA004809FC /* OffsetTextField.m */,
				A930E4F4181AFCE800CE5C41 /* SizedTextView.h */,
				A930E4F5181AFCE800CE5C41 /* SizedTextView.m */,
				A941DC5818ADB39D00649408 /* SmartTextView.h */,
				A941DC5918ADB39D00649408 /* SmartTextView.m */,
				8ED2790417EBA9B800316963 /* UIImage+scaleToSize.h */,
				8ED2790517EBA9B800316963 /* UIImage+scaleToSize.m */,
				8ED2790617EBA9B800316963 /* Utility.h */,
				8ED2790717EBA9B800316963 /* Utility.m */,
				8ED2790817EBA9B800316963 /* WebService.h */,
				8ED2790917EBA9B800316963 /* WebService.m */,
				A9D09B2118077CF900DB7F4A /* WebServiceError.h */,
				A9D09B2218077CF900DB7F4A /* WebServiceError.m */,
				8ED2790A17EBA9B800316963 /* WebServiceListener.h */,
				8E0296E217EBB99600037669 /* Dialogs */,
			);
			path = Classes;
			sourceTree = "<group>";
		};
		8EE52DD117F9ED2800CDEDAD /* ZBarSDK */ = {
			isa = PBXGroup;
			children = (
				8EE52DD217F9ED2800CDEDAD /* Headers */,
				8EE52DE917F9ED2800CDEDAD /* libzbar.a */,
				8EE52DEA17F9ED2800CDEDAD /* Resources */,
			);
			name = ZBarSDK;
			path = LibiOS/ZBarSDK;
			sourceTree = "<group>";
		};
		8EE52DD217F9ED2800CDEDAD /* Headers */ = {
			isa = PBXGroup;
			children = (
				8EE52DD317F9ED2800CDEDAD /* ZBarSDK */,
			);
			path = Headers;
			sourceTree = "<group>";
		};
		8EE52DD317F9ED2800CDEDAD /* ZBarSDK */ = {
			isa = PBXGroup;
			children = (
				8EE52DD417F9ED2800CDEDAD /* zbar */,
				8EE52DDE17F9ED2800CDEDAD /* zbar.h */,
				8EE52DDF17F9ED2800CDEDAD /* ZBarCameraSimulator.h */,
				8EE52DE017F9ED2800CDEDAD /* ZBarCaptureReader.h */,
				8EE52DE117F9ED2800CDEDAD /* ZBarHelpController.h */,
				8EE52DE217F9ED2800CDEDAD /* ZBarImage.h */,
				8EE52DE317F9ED2800CDEDAD /* ZBarImageScanner.h */,
				8EE52DE417F9ED2800CDEDAD /* ZBarReaderController.h */,
				8EE52DE517F9ED2800CDEDAD /* ZBarReaderView.h */,
				8EE52DE617F9ED2800CDEDAD /* ZBarReaderViewController.h */,
				8EE52DE717F9ED2800CDEDAD /* ZBarSDK.h */,
				8EE52DE817F9ED2800CDEDAD /* ZBarSymbol.h */,
			);
			path = ZBarSDK;
			sourceTree = "<group>";
		};
		8EE52DD417F9ED2800CDEDAD /* zbar */ = {
			isa = PBXGroup;
			children = (
				8EE52DD517F9ED2800CDEDAD /* Decoder.h */,
				8EE52DD617F9ED2800CDEDAD /* Exception.h */,
				8EE52DD717F9ED2800CDEDAD /* Image.h */,
				8EE52DD817F9ED2800CDEDAD /* ImageScanner.h */,
				8EE52DD917F9ED2800CDEDAD /* Processor.h */,
				8EE52DDA17F9ED2800CDEDAD /* Scanner.h */,
				8EE52DDB17F9ED2800CDEDAD /* Symbol.h */,
				8EE52DDC17F9ED2800CDEDAD /* Video.h */,
				8EE52DDD17F9ED2800CDEDAD /* Window.h */,
			);
			path = zbar;
			sourceTree = "<group>";
		};
		8EE52DEA17F9ED2800CDEDAD /* Resources */ = {
			isa = PBXGroup;
			children = (
				8EE52DEB17F9ED2800CDEDAD /* zbar-back.png */,
				8EE52DEC17F9ED2800CDEDAD /* zbar-help.html */,
				8EE52DED17F9ED2800CDEDAD /* zbar-helpicons.png */,
				8EE52DEE17F9ED2800CDEDAD /* zbar-samples.png */,
			);
			path = Resources;
			sourceTree = "<group>";
		};
/* End PBXGroup section */

/* Begin PBXNativeTarget section */
		8ED2781417EB462600316963 /* LibiOS */ = {
			isa = PBXNativeTarget;
			buildConfigurationList = 8ED2782317EB462600316963 /* Build configuration list for PBXNativeTarget "LibiOS" */;
			buildPhases = (
				8ED2781117EB462600316963 /* Sources */,
				8ED2781217EB462600316963 /* Frameworks */,
				8ED2781317EB462600316963 /* Copy Files */,
			);
			buildRules = (
			);
			dependencies = (
			);
			name = LibiOS;
			productName = LibiOS;
			productReference = 8ED2781517EB462600316963 /* libLibiOS.a */;
			productType = "com.apple.product-type.library.static";
		};
/* End PBXNativeTarget section */

/* Begin PBXProject section */
		8ED2780D17EB462600316963 /* Project object */ = {
			isa = PBXProject;
			attributes = {
				LastUpgradeCheck = 0460;
				ORGANIZATIONNAME = Raleys;
			};
			buildConfigurationList = 8ED2781017EB462600316963 /* Build configuration list for PBXProject "LibiOS" */;
			compatibilityVersion = "Xcode 3.2";
			developmentRegion = English;
			hasScannedForEncodings = 0;
			knownRegions = (
				en,
			);
			mainGroup = 8ED2780C17EB462600316963;
			productRefGroup = 8ED2781617EB462600316963 /* Products */;
			projectDirPath = "";
			projectRoot = "";
			targets = (
				8ED2781417EB462600316963 /* LibiOS */,
			);
		};
/* End PBXProject section */

/* Begin PBXSourcesBuildPhase section */
		8ED2781117EB462600316963 /* Sources */ = {
			isa = PBXSourcesBuildPhase;
			buildActionMask = 2147483647;
			files = (
				8ED278D117EB677300316963 /* ASIDataCompressor.m in Sources */,
				8ED278D217EB677300316963 /* ASIDataDecompressor.m in Sources */,
				11D1B16D194F337D005EEBF9 /* TickDialog.m in Sources */,
				8ED2786717EB4C2300316963 /* NSObject+SBJson.m in Sources */,
				8ED2786817EB4C2300316963 /* SBJsonParser.m in Sources */,
				8ED2786917EB4C2300316963 /* SBJsonStreamParser.m in Sources */,
				8ED2786A17EB4C2300316963 /* SBJsonStreamParserAccumulator.m in Sources */,
				8ED2786B17EB4C2300316963 /* SBJsonStreamParserAdapter.m in Sources */,
				8ED2786C17EB4C2300316963 /* SBJsonStreamParserState.m in Sources */,
				8ED2786D17EB4C2300316963 /* SBJsonStreamWriter.m in Sources */,
				A930E4F7181AFCE800CE5C41 /* SizedTextView.m in Sources */,
				8ED2786E17EB4C2300316963 /* SBJsonStreamWriterAccumulator.m in Sources */,
				8ED2786F17EB4C2300316963 /* SBJsonStreamWriterState.m in Sources */,
				8ED2787017EB4C2300316963 /* SBJsonTokeniser.m in Sources */,
				8ED2787117EB4C2300316963 /* SBJsonUTF8Stream.m in Sources */,
				8ED2787217EB4C2300316963 /* SBJsonWriter.m in Sources */,
				A9D09B2318077CF900DB7F4A /* WebServiceError.m in Sources */,
				8ED2787317EB4C2300316963 /* ASIAuthenticationDialog.m in Sources */,
				8ED2787417EB4C2300316963 /* ASIFormDataRequest.m in Sources */,
				8ED2787517EB4C2300316963 /* ASIHTTPRequest.m in Sources */,
				8ED2787617EB4C2300316963 /* ASIInputStream.m in Sources */,
				8ED2787717EB4C2300316963 /* ASINetworkQueue.m in Sources */,
				8ED2787817EB4C2300316963 /* Reachability.m in Sources */,
				8ED2790B17EBA9B800316963 /* JsonObject.m in Sources */,
				8ED2790C17EBA9B800316963 /* UIImage+scaleToSize.m in Sources */,
				8ED2790D17EBA9B800316963 /* Utility.m in Sources */,
				8ED2790E17EBA9B800316963 /* WebService.m in Sources */,
				A947B0A618A1C2BA004809FC /* OffsetTextField.m in Sources */,
				A941DC5A18ADB39D00649408 /* SmartTextView.m in Sources */,
				8E0296ED17EBB99600037669 /* ModalDialog.m in Sources */,
				8E0296F717EBD02D00037669 /* TextDialog.m in Sources */,
				8EE52E0817FA196600CDEDAD /* ProgressDialog.m in Sources */,
			);
			runOnlyForDeploymentPostprocessing = 0;
		};
/* End PBXSourcesBuildPhase section */

/* Begin XCBuildConfiguration section */
		8ED2782117EB462600316963 /* Debug */ = {
			isa = XCBuildConfiguration;
			buildSettings = {
				ALWAYS_SEARCH_USER_PATHS = NO;
				CLANG_CXX_LANGUAGE_STANDARD = "gnu++0x";
				CLANG_CXX_LIBRARY = "libc++";
				CLANG_ENABLE_OBJC_ARC = YES;
				CLANG_WARN_CONSTANT_CONVERSION = YES;
				CLANG_WARN_EMPTY_BODY = YES;
				CLANG_WARN_ENUM_CONVERSION = YES;
				CLANG_WARN_INT_CONVERSION = YES;
				CLANG_WARN__DUPLICATE_METHOD_MATCH = YES;
				COPY_PHASE_STRIP = NO;
				GCC_C_LANGUAGE_STANDARD = gnu99;
				GCC_DYNAMIC_NO_PIC = NO;
				GCC_OPTIMIZATION_LEVEL = 0;
				GCC_PREPROCESSOR_DEFINITIONS = (
					"DEBUG=1",
					"$(inherited)",
				);
				GCC_SYMBOLS_PRIVATE_EXTERN = NO;
				GCC_WARN_ABOUT_RETURN_TYPE = YES;
				GCC_WARN_UNINITIALIZED_AUTOS = YES;
				GCC_WARN_UNUSED_VARIABLE = YES;
				IPHONEOS_DEPLOYMENT_TARGET = 6.0;
				ONLY_ACTIVE_ARCH = YES;
				SDKROOT = iphoneos;
			};
			name = Debug;
		};
		8ED2782217EB462600316963 /* Release */ = {
			isa = XCBuildConfiguration;
			buildSettings = {
				ALWAYS_SEARCH_USER_PATHS = NO;
				CLANG_CXX_LANGUAGE_STANDARD = "gnu++0x";
				CLANG_CXX_LIBRARY = "libc++";
				CLANG_ENABLE_OBJC_ARC = YES;
				CLANG_WARN_CONSTANT_CONVERSION = YES;
				CLANG_WARN_EMPTY_BODY = YES;
				CLANG_WARN_ENUM_CONVERSION = YES;
				CLANG_WARN_INT_CONVERSION = YES;
				CLANG_WARN__DUPLICATE_METHOD_MATCH = YES;
				COPY_PHASE_STRIP = YES;
				GCC_C_LANGUAGE_STANDARD = gnu99;
				GCC_WARN_ABOUT_RETURN_TYPE = YES;
				GCC_WARN_UNINITIALIZED_AUTOS = YES;
				GCC_WARN_UNUSED_VARIABLE = YES;
				IPHONEOS_DEPLOYMENT_TARGET = 6.0;
				SDKROOT = iphoneos;
				VALIDATE_PRODUCT = YES;
			};
			name = Release;
		};
		8ED2782417EB462600316963 /* Debug */ = {
			isa = XCBuildConfiguration;
			buildSettings = {
				DSTROOT = /tmp/LibiOS.dst;
				GCC_PRECOMPILE_PREFIX_HEADER = YES;
				GCC_PREFIX_HEADER = "LibiOS/LibiOS-Prefix.pch";
				HEADER_SEARCH_PATHS = "";
				IPHONEOS_DEPLOYMENT_TARGET = 6.0;
				LIBRARY_SEARCH_PATHS = (
					"$(inherited)",
					"\"$(SRCROOT)/LibiOS/ZBarSDK\"",
					"$(PROJECT_DIR)/LibiOS/ZBarSDK",
				);
				OTHER_LDFLAGS = "-ObjC";
				PRODUCT_NAME = "$(TARGET_NAME)";
				SKIP_INSTALL = YES;
				VALID_ARCHS = "arm64 armv7 armv7s";
			};
			name = Debug;
		};
		8ED2782517EB462600316963 /* Release */ = {
			isa = XCBuildConfiguration;
			buildSettings = {
				DSTROOT = /tmp/LibiOS.dst;
				GCC_PRECOMPILE_PREFIX_HEADER = YES;
				GCC_PREFIX_HEADER = "LibiOS/LibiOS-Prefix.pch";
				HEADER_SEARCH_PATHS = "";
				IPHONEOS_DEPLOYMENT_TARGET = 6.0;
				LIBRARY_SEARCH_PATHS = (
					"$(inherited)",
					"\"$(SRCROOT)/LibiOS/ZBarSDK\"",
					"$(PROJECT_DIR)/LibiOS/ZBarSDK",
				);
				OTHER_LDFLAGS = "-ObjC";
				PRODUCT_NAME = "$(TARGET_NAME)";
				SKIP_INSTALL = YES;
				VALID_ARCHS = "arm64 armv7 armv7s";
			};
			name = Release;
		};
/* End XCBuildConfiguration section */

/* Begin XCConfigurationList section */
		8ED2781017EB462600316963 /* Build configuration list for PBXProject "LibiOS" */ = {
			isa = XCConfigurationList;
			buildConfigurations = (
				8ED2782117EB462600316963 /* Debug */,
				8ED2782217EB462600316963 /* Release */,
			);
			defaultConfigurationIsVisible = 0;
			defaultConfigurationName = Release;
		};
		8ED2782317EB462600316963 /* Build configuration list for PBXNativeTarget "LibiOS" */ = {
			isa = XCConfigurationList;
			buildConfigurations = (
				8ED2782417EB462600316963 /* Debug */,
				8ED2782517EB462600316963 /* Release */,
			);
			defaultConfigurationIsVisible = 0;
			defaultConfigurationName = Release;
		};
/* End XCConfigurationList section */
	};
	rootObject = 8ED2780D17EB462600316963 /* Project object */;
}
